version: 0.160.0
dependencies:
- name: linkerd-control-plane
  repository: https://helm.linkerd.io/stable
  version: 1.16.9
- name: linkerd-crds
  repository: https://helm.linkerd.io/stable
  version: 1.8.0
digest: sha256:ad28cefaa6a8bf8942228c21dde6c3f2667ffa0bc80e412cf4f9c61ff52ea7b8
generated: "2024-01-17T22:21:29.6416289+11:00"
