version: 0.160.0
dependencies:
- name: eck-operator
  repository: https://helm.elastic.co
  version: 2.10.0
- name: linkerd-control-plane
  repository: https://helm.linkerd.io/stable
  version: 1.16.9
- name: linkerd-crds
  repository: https://helm.linkerd.io/stable
  version: 1.8.0
- name: portainer
  repository: https://portainer.github.io/k8s
  version: 1.0.49
- name: postgresql
  repository: https://charts.bitnami.com/bitnami
  version: 13.2.29
digest: sha256:eff98d3b5cd0c85d49d80a659b3bde926c7c84c515da277c3fa2c386e6e018f1
generated: "2024-01-15T17:06:59.0285856+11:00"
